{
  "nodes": {
    "haumea": {
      "inputs": {
        "nixpkgs": [
          "namaka",
          "nixpkgs"
        ]
      },
      "locked": {
        "lastModified": 1681873442,
        "narHash": "sha256-wsOEGbDKf+M/THE7JZi43s4szXTuIaiQNBxlb5Lnxs0=",
        "owner": "nix-community",
        "repo": "haumea",
        "rev": "85038436851caf5bbf652a2fedf38b2b28e38caf",
        "type": "github"
      },
      "original": {
        "owner": "nix-community",
        "ref": "v0.2.1",
        "repo": "haumea",
        "type": "github"
      }
    },
    "namaka": {
      "inputs": {
        "haumea": "haumea",
        "nixpkgs": "nixpkgs"
      },
      "locked": {
        "lastModified": 1683059428,
        "narHash": "sha256-ZTMqleCWmuNWhZE375gtF1j1JRkaKEUFN1AM43e7h4Y=",
        "owner": "nix-community",
        "repo": "namaka",
        "rev": "2deba2f416454aec770bc1cc7365e39c73e6b1d7",
        "type": "github"
      },
      "original": {
        "owner": "nix-community",
        "ref": "v0.1.1",
        "repo": "namaka",
        "type": "github"
      }
    },
    "nixpkgs": {
      "locked": {
        "lastModified": 1684935479,
        "narHash": "sha256-6QMMsXMr2nhmOPHdti2j3KRHt+bai2zw+LJfdCl97Mk=",
        "owner": "nixos",
        "repo": "nixpkgs",
        "rev": "f91ee3065de91a3531329a674a45ddcb3467a650",
        "type": "github"
      },
      "original": {
        "owner": "nixos",
        "ref": "nixos-unstable",
        "repo": "nixpkgs",
        "type": "github"
      }
    },
    "root": {
      "inputs": {
        "namaka": "namaka"
      }
    }
  },
  "root": "root",
  "version": 7
}
