
Microsoft Visual Studio Solution File, Format Version 12.00
Project("{FAE04EC0-301F-11D3-BF4B-00C04F79EFBC}") = "lexer", "lexer\lexer.csproj", "{1472458E-CC85-4A8E-8EC7-31E60467FCF4}"
EndProject
Project("{FAE04EC0-301F-11D3-BF4B-00C04F79EFBC}") = "lexer.tests", "lexer.tests\lexer.tests.csproj", "{35C8E3B4-7A74-4B2B-8923-BEB6128DE98F}"
EndProject
Global
	GlobalSection(SolutionConfigurationPlatforms) = preSolution
		Debug|Any CPU = Debug|Any CPU
		Release|Any CPU = Release|Any CPU
	EndGlobalSection
	GlobalSection(ProjectConfigurationPlatforms) = postSolution
		{1472458E-CC85-4A8E-8EC7-31E60467FCF4}.Debug|Any CPU.ActiveCfg = Debug|Any CPU
		{1472458E-CC85-4A8E-8EC7-31E60467FCF4}.Debug|Any CPU.Build.0 = Debug|Any CPU
		{1472458E-CC85-4A8E-8EC7-31E60467FCF4}.Release|Any CPU.ActiveCfg = Release|Any CPU
		{1472458E-CC85-4A8E-8EC7-31E60467FCF4}.Release|Any CPU.Build.0 = Release|Any CPU
		{35C8E3B4-7A74-4B2B-8923-BEB6128DE98F}.Debug|Any CPU.ActiveCfg = Debug|Any CPU
		{35C8E3B4-7A74-4B2B-8923-BEB6128DE98F}.Debug|Any CPU.Build.0 = Debug|Any CPU
		{35C8E3B4-7A74-4B2B-8923-BEB6128DE98F}.Release|Any CPU.ActiveCfg = Release|Any CPU
		{35C8E3B4-7A74-4B2B-8923-BEB6128DE98F}.Release|Any CPU.Build.0 = Release|Any CPU
	EndGlobalSection
EndGlobal
