
Microsoft Visual Studio Solution File, Format Version 12.00
Project("{FAE04EC0-301F-11D3-BF4B-00C04F79EFBC}") = "Monkey", "Monkey\Monkey.csproj", "{1472458E-CC85-4A8E-8EC7-31E60467FCF4}"
EndProject
Project("{FAE04EC0-301F-11D3-BF4B-00C04F79EFBC}") = "MonkeyTests", "MonkeyTests\MonkeyTests.csproj", "{B1E3BE41-E402-4E0A-A973-250E41B9A234}"
EndProject
Project("{FAE04EC0-301F-11D3-BF4B-00C04F79EFBC}") = "MonkeyBench", "MonkeyBench\MonkeyBench.csproj", "{A80BC668-D3C6-46F7-BF9A-A318361CD952}"
EndProject
Global
	GlobalSection(SolutionConfigurationPlatforms) = preSolution
		Debug|Any CPU = Debug|Any CPU
		Release|Any CPU = Release|Any CPU
	EndGlobalSection
	GlobalSection(ProjectConfigurationPlatforms) = postSolution
		{1472458E-CC85-4A8E-8EC7-31E60467FCF4}.Debug|Any CPU.ActiveCfg = Debug|Any CPU
		{1472458E-CC85-4A8E-8EC7-31E60467FCF4}.Debug|Any CPU.Build.0 = Debug|Any CPU
		{1472458E-CC85-4A8E-8EC7-31E60467FCF4}.Release|Any CPU.ActiveCfg = Release|Any CPU
		{1472458E-CC85-4A8E-8EC7-31E60467FCF4}.Release|Any CPU.Build.0 = Release|Any CPU
		{B1E3BE41-E402-4E0A-A973-250E41B9A234}.Debug|Any CPU.ActiveCfg = Debug|Any CPU
		{B1E3BE41-E402-4E0A-A973-250E41B9A234}.Debug|Any CPU.Build.0 = Debug|Any CPU
		{B1E3BE41-E402-4E0A-A973-250E41B9A234}.Release|Any CPU.ActiveCfg = Release|Any CPU
		{B1E3BE41-E402-4E0A-A973-250E41B9A234}.Release|Any CPU.Build.0 = Release|Any CPU
		{A80BC668-D3C6-46F7-BF9A-A318361CD952}.Debug|Any CPU.ActiveCfg = Debug|Any CPU
		{A80BC668-D3C6-46F7-BF9A-A318361CD952}.Debug|Any CPU.Build.0 = Debug|Any CPU
		{A80BC668-D3C6-46F7-BF9A-A318361CD952}.Release|Any CPU.ActiveCfg = Release|Any CPU
		{A80BC668-D3C6-46F7-BF9A-A318361CD952}.Release|Any CPU.Build.0 = Release|Any CPU
	EndGlobalSection
EndGlobal
