
Microsoft Visual Studio Solution File, Format Version 12.00
# Visual Studio Version 17
VisualStudioVersion = 17.5.001.0
MinimumVisualStudioVersion = 10.0.40219.1
Project("{9A19103F-16F7-4668-BE54-9A1E7A4F7556}") = "MonkeyTests", "MonkeyTests\MonkeyTests.csproj", "{938A4510-DA00-4576-9836-833F56A46741}"
EndProject
Project("{9A19103F-16F7-4668-BE54-9A1E7A4F7556}") = "MonkeyBench", "MonkeyBench\MonkeyBench.csproj", "{7ACE86F8-F9DD-4682-AD0D-12192541A903}"
EndProject
Project("{9A19103F-16F7-4668-BE54-9A1E7A4F7556}") = "Monkey", "Monkey\Monkey.csproj", "{D4353ED4-1BCB-4A42-97F7-5DBAE88B5FBF}"
EndProject
Global
	GlobalSection(SolutionConfigurationPlatforms) = preSolution
		Debug|Any CPU = Debug|Any CPU
		Release|Any CPU = Release|Any CPU
	EndGlobalSection
	GlobalSection(ProjectConfigurationPlatforms) = postSolution
		{938A4510-DA00-4576-9836-833F56A46741}.Debug|Any CPU.ActiveCfg = Debug|Any CPU
		{938A4510-DA00-4576-9836-833F56A46741}.Debug|Any CPU.Build.0 = Debug|Any CPU
		{938A4510-DA00-4576-9836-833F56A46741}.Release|Any CPU.ActiveCfg = Release|Any CPU
		{938A4510-DA00-4576-9836-833F56A46741}.Release|Any CPU.Build.0 = Release|Any CPU
		{7ACE86F8-F9DD-4682-AD0D-12192541A903}.Debug|Any CPU.ActiveCfg = Debug|Any CPU
		{7ACE86F8-F9DD-4682-AD0D-12192541A903}.Debug|Any CPU.Build.0 = Debug|Any CPU
		{7ACE86F8-F9DD-4682-AD0D-12192541A903}.Release|Any CPU.ActiveCfg = Release|Any CPU
		{7ACE86F8-F9DD-4682-AD0D-12192541A903}.Release|Any CPU.Build.0 = Release|Any CPU
		{D4353ED4-1BCB-4A42-97F7-5DBAE88B5FBF}.Debug|Any CPU.ActiveCfg = Debug|Any CPU
		{D4353ED4-1BCB-4A42-97F7-5DBAE88B5FBF}.Debug|Any CPU.Build.0 = Debug|Any CPU
		{D4353ED4-1BCB-4A42-97F7-5DBAE88B5FBF}.Release|Any CPU.ActiveCfg = Release|Any CPU
		{D4353ED4-1BCB-4A42-97F7-5DBAE88B5FBF}.Release|Any CPU.Build.0 = Release|Any CPU
	EndGlobalSection
	GlobalSection(SolutionProperties) = preSolution
		HideSolutionNode = FALSE
	EndGlobalSection
	GlobalSection(ExtensibilityGlobals) = postSolution
		SolutionGuid = {6DC69F57-7942-4CB0-8CDD-80AAF9C73E89}
	EndGlobalSection
EndGlobal
