
Microsoft Visual Studio Solution File, Format Version 12.00
# Visual Studio Version 17
VisualStudioVersion = 17.3.32901.215
MinimumVisualStudioVersion = 10.0.40219.1
Project("{535C04D7-A2A5-47C7-83E0-B340A995CD1F}") = "MonkeyCompiler", "MonkeyCompiler.cblproj", "{3A6886CB-01EF-4BF2-85F4-DF23BF273C59}"
EndProject
Global
	GlobalSection(SolutionConfigurationPlatforms) = preSolution
		Debug|Any CPU = Debug|Any CPU
		Release|Any CPU = Release|Any CPU
	EndGlobalSection
	GlobalSection(ProjectConfigurationPlatforms) = postSolution
		{3A6886CB-01EF-4BF2-85F4-DF23BF273C59}.Debug|Any CPU.ActiveCfg = Debug|Any CPU
		{3A6886CB-01EF-4BF2-85F4-DF23BF273C59}.Debug|Any CPU.Build.0 = Debug|Any CPU
		{3A6886CB-01EF-4BF2-85F4-DF23BF273C59}.Release|Any CPU.ActiveCfg = Release|Any CPU
		{3A6886CB-01EF-4BF2-85F4-DF23BF273C59}.Release|Any CPU.Build.0 = Release|Any CPU
	EndGlobalSection
	GlobalSection(SolutionProperties) = preSolution
		HideSolutionNode = FALSE
	EndGlobalSection
	GlobalSection(ExtensibilityGlobals) = postSolution
		SolutionGuid = {5CC2CEB7-4AD1-40A3-9E8F-D2454F33BD09}
	EndGlobalSection
EndGlobal
